
Microsoft Visual Studio Solution File, Format Version 12.00
# Visual Studio Version 17
VisualStudioVersion = 17.3.32804.467
MinimumVisualStudioVersion = 10.0.40219.1
Project("{FAE04EC0-301F-11D3-BF4B-00C04F79EFBC}") = "CsvToJson", "CsvToJson\CsvToJson.csproj", "{201ADCC3-54A4-4588-BD7B-3D95B665C9EF}"
EndProject
Global
	GlobalSection(SolutionConfigurationPlatforms) = preSolution
		Debug|Any CPU = Debug|Any CPU
		Release|Any CPU = Release|Any CPU
	EndGlobalSection
	GlobalSection(ProjectConfigurationPlatforms) = postSolution
		{201ADCC3-54A4-4588-BD7B-3D95B665C9EF}.Debug|Any CPU.ActiveCfg = Debug|Any CPU
		{201ADCC3-54A4-4588-BD7B-3D95B665C9EF}.Debug|Any CPU.Build.0 = Debug|Any CPU
		{201ADCC3-54A4-4588-BD7B-3D95B665C9EF}.Release|Any CPU.ActiveCfg = Release|Any CPU
		{201ADCC3-54A4-4588-BD7B-3D95B665C9EF}.Release|Any CPU.Build.0 = Release|Any CPU
	EndGlobalSection
	GlobalSection(SolutionProperties) = preSolution
		HideSolutionNode = FALSE
	EndGlobalSection
	GlobalSection(ExtensibilityGlobals) = postSolution
		SolutionGuid = {6B493722-89B7-4006-8A43-6C74121C78BA}
	EndGlobalSection
EndGlobal
